{
  "nodes": {
    "devenv": {
      "locked": {
        "dir": "src/modules",
        "path": "/nix/store/lxdvfnj1yvx2jg9wn9680792dvhwbx0v-source",
        "type": "path"
      },
      "original": {
        "dir": "src/modules",
        "path": "/nix/store/lxdvfnj1yvx2jg9wn9680792dvhwbx0v-source",
        "type": "path"
      }
    },
    "nixpkgs": {
      "locked": {
        "lastModified": 1787135253,
        "narHash": "sha256-M5/r2v++FjVhdsxXYMb4BDJ5YLAdCWFt3aZotcshocA=",
        "rev": "ffb3c9b700e759be2ef13237c9d8f953b32a1e46",
        "type": "tarball",
        "url": "https://releases.nixos.org/nixos/unstable/nixos-26.11pre1058091.ffb3c9b700e7/nixexprs.tar.xz"
      },
      "original": {
        "type": "tarball",
        "url": "https://channels.nixos.org/nixos-unstable/nixexprs.tar.xz"
      }
    },
    "root": {
      "inputs": {
        "devenv": "devenv",
        "nixpkgs": "nixpkgs"
      }
    }
  },
  "root": "root",
  "version": 7
}