<Solution>
  <Folder Name="/app/">
    <Project Path="app/Yession.Host.fsproj" />
  </Folder>
  <Folder Name="/app/main/">
    <Project Path="app/main/Yession.Host.Main.fsproj" />
  </Folder>
  <Folder Name="/app/browser/">
    <Project Path="app/browser/Yession.Browser.fsproj" />
  </Folder>
  <Folder Name="/src/">
    <Project Path="src/Yession.App/Yession.App.fsproj" />
    <Project Path="src/Yession.Domain/Yession.Domain.fsproj" />
    <Project Path="src/Yession.Manager/Yession.Manager.fsproj" />
    <Project Path="src/Yession.SessionProcess/Yession.SessionProcess.fsproj" />
  </Folder>
  <Folder Name="/tests/">
    <Project Path="tests/Yession.Tests/Yession.Tests.fsproj" />
  </Folder>
</Solution>
