<Solution>
  <Folder Name="/src/">
    <Project Path="src/Yession.Client/Yession.Client.fsproj" />
    <Project Path="src/Yession.Domain/Yession.Domain.fsproj" />
    <Project Path="src/Yession.SessionProcess/Yession.SessionProcess.fsproj" />
  </Folder>
  <Folder Name="/tests/">
    <Project Path="tests/Yession.Domain.Tests/Yession.Domain.Tests.fsproj" />
    <Project Path="tests/Yession.SessionProcess.Tests/Yession.SessionProcess.Tests.fsproj" />
  </Folder>
</Solution>
